
Microsoft Visual Studio Solution File, Format Version 12.00
# Visual Studio 15
VisualStudioVersion = 15.0.27130.2036
MinimumVisualStudioVersion = 10.0.40219.1
Project("{FAE04EC0-301F-11D3-BF4B-00C04F79EFBC}") = "Rolls Royce Repair Note App", "DynamicTable\Rolls Royce Repair Note App.csproj", "{AEF781BF-C720-4EE4-8D08-C3AFD6C3690F}"
EndProject
Global
	GlobalSection(SolutionConfigurationPlatforms) = preSolution
		Debug|Any CPU = Debug|Any CPU
		Release|Any CPU = Release|Any CPU
	EndGlobalSection
	GlobalSection(ProjectConfigurationPlatforms) = postSolution
		{AEF781BF-C720-4EE4-8D08-C3AFD6C3690F}.Debug|Any CPU.ActiveCfg = Debug|Any CPU
		{AEF781BF-C720-4EE4-8D08-C3AFD6C3690F}.Debug|Any CPU.Build.0 = Debug|Any CPU
		{AEF781BF-C720-4EE4-8D08-C3AFD6C3690F}.Release|Any CPU.ActiveCfg = Release|Any CPU
		{AEF781BF-C720-4EE4-8D08-C3AFD6C3690F}.Release|Any CPU.Build.0 = Release|Any CPU
	EndGlobalSection
	GlobalSection(SolutionProperties) = preSolution
		HideSolutionNode = FALSE
	EndGlobalSection
	GlobalSection(ExtensibilityGlobals) = postSolution
		SolutionGuid = {9122B773-AC27-44E7-9385-5D0C0B37F586}
	EndGlobalSection
EndGlobal
